
Microsoft Visual Studio Solution File, Format Version 12.00
# Visual Studio Version 16
VisualStudioVersion = 16.0.31624.102
MinimumVisualStudioVersion = 10.0.40219.1
Project("{FAE04EC0-301F-11D3-BF4B-00C04F79EFBC}") = "4ASD", "4ASD\4ASD.csproj", "{EE888FFA-C0E6-4FC0-91C5-A6647ED6770B}"
EndProject
Global
	GlobalSection(SolutionConfigurationPlatforms) = preSolution
		Debug|Any CPU = Debug|Any CPU
		Release|Any CPU = Release|Any CPU
	EndGlobalSection
	GlobalSection(ProjectConfigurationPlatforms) = postSolution
		{EE888FFA-C0E6-4FC0-91C5-A6647ED6770B}.Debug|Any CPU.ActiveCfg = Debug|Any CPU
		{EE888FFA-C0E6-4FC0-91C5-A6647ED6770B}.Debug|Any CPU.Build.0 = Debug|Any CPU
		{EE888FFA-C0E6-4FC0-91C5-A6647ED6770B}.Release|Any CPU.ActiveCfg = Release|Any CPU
		{EE888FFA-C0E6-4FC0-91C5-A6647ED6770B}.Release|Any CPU.Build.0 = Release|Any CPU
	EndGlobalSection
	GlobalSection(SolutionProperties) = preSolution
		HideSolutionNode = FALSE
	EndGlobalSection
	GlobalSection(ExtensibilityGlobals) = postSolution
		SolutionGuid = {B7E2135F-7A3B-4F10-8731-6FADA59FD74E}
	EndGlobalSection
EndGlobal
