
Microsoft Visual Studio Solution File, Format Version 12.00
# Visual Studio Version 17
VisualStudioVersion = 17.1.32414.318
MinimumVisualStudioVersion = 10.0.40219.1
Project("{FAE04EC0-301F-11D3-BF4B-00C04F79EFBC}") = "ASD6", "ASD6\ASD6.csproj", "{88BD56EA-D26F-45E2-8906-A017101192C6}"
EndProject
Global
	GlobalSection(SolutionConfigurationPlatforms) = preSolution
		Debug|Any CPU = Debug|Any CPU
		Release|Any CPU = Release|Any CPU
	EndGlobalSection
	GlobalSection(ProjectConfigurationPlatforms) = postSolution
		{88BD56EA-D26F-45E2-8906-A017101192C6}.Debug|Any CPU.ActiveCfg = Debug|Any CPU
		{88BD56EA-D26F-45E2-8906-A017101192C6}.Debug|Any CPU.Build.0 = Debug|Any CPU
		{88BD56EA-D26F-45E2-8906-A017101192C6}.Release|Any CPU.ActiveCfg = Release|Any CPU
		{88BD56EA-D26F-45E2-8906-A017101192C6}.Release|Any CPU.Build.0 = Release|Any CPU
	EndGlobalSection
	GlobalSection(SolutionProperties) = preSolution
		HideSolutionNode = FALSE
	EndGlobalSection
	GlobalSection(ExtensibilityGlobals) = postSolution
		SolutionGuid = {D1DB606F-FF1E-49E8-BDCE-DFAF34EF4CAC}
	EndGlobalSection
EndGlobal
